
Microsoft Visual Studio Solution File, Format Version 12.00
# Visual Studio Version 16
VisualStudioVersion = 16.0.29709.97
MinimumVisualStudioVersion = 10.0.40219.1
Project("{FAE04EC0-301F-11D3-BF4B-00C04F79EFBC}") = "BlazorApp1", "BlazorApp1\BlazorApp1.csproj", "{7E869FB6-4405-4FE2-A55A-F862A27281F1}"
EndProject
Global
	GlobalSection(SolutionConfigurationPlatforms) = preSolution
		Debug|Any CPU = Debug|Any CPU
		Release|Any CPU = Release|Any CPU
	EndGlobalSection
	GlobalSection(ProjectConfigurationPlatforms) = postSolution
		{7E869FB6-4405-4FE2-A55A-F862A27281F1}.Debug|Any CPU.ActiveCfg = Debug|Any CPU
		{7E869FB6-4405-4FE2-A55A-F862A27281F1}.Debug|Any CPU.Build.0 = Debug|Any CPU
		{7E869FB6-4405-4FE2-A55A-F862A27281F1}.Release|Any CPU.ActiveCfg = Release|Any CPU
		{7E869FB6-4405-4FE2-A55A-F862A27281F1}.Release|Any CPU.Build.0 = Release|Any CPU
	EndGlobalSection
	GlobalSection(SolutionProperties) = preSolution
		HideSolutionNode = FALSE
	EndGlobalSection
	GlobalSection(ExtensibilityGlobals) = postSolution
		SolutionGuid = {70E3A4FC-ABA4-4E8C-9E65-F301C7AB19DE}
	EndGlobalSection
EndGlobal
